
Microsoft Visual Studio Solution File, Format Version 12.00
# Visual Studio Version 17
VisualStudioVersion = 17.1.32421.90
MinimumVisualStudioVersion = 10.0.40219.1
Project("{8BC9CEB8-8B4A-11D0-8D11-00A0C91BC942}") = "ProjectThree", "ProjectThree\ProjectThree.vcxproj", "{849E3A6F-192A-4C59-B1F1-9FE7530571A7}"
EndProject
Global
	GlobalSection(SolutionConfigurationPlatforms) = preSolution
		Debug|x64 = Debug|x64
		Debug|x86 = Debug|x86
		Release|x64 = Release|x64
		Release|x86 = Release|x86
	EndGlobalSection
	GlobalSection(ProjectConfigurationPlatforms) = postSolution
		{849E3A6F-192A-4C59-B1F1-9FE7530571A7}.Debug|x64.ActiveCfg = Debug|x64
		{849E3A6F-192A-4C59-B1F1-9FE7530571A7}.Debug|x64.Build.0 = Debug|x64
		{849E3A6F-192A-4C59-B1F1-9FE7530571A7}.Debug|x86.ActiveCfg = Debug|Win32
		{849E3A6F-192A-4C59-B1F1-9FE7530571A7}.Debug|x86.Build.0 = Debug|Win32
		{849E3A6F-192A-4C59-B1F1-9FE7530571A7}.Release|x64.ActiveCfg = Release|x64
		{849E3A6F-192A-4C59-B1F1-9FE7530571A7}.Release|x64.Build.0 = Release|x64
		{849E3A6F-192A-4C59-B1F1-9FE7530571A7}.Release|x86.ActiveCfg = Release|Win32
		{849E3A6F-192A-4C59-B1F1-9FE7530571A7}.Release|x86.Build.0 = Release|Win32
	EndGlobalSection
	GlobalSection(SolutionProperties) = preSolution
		HideSolutionNode = FALSE
	EndGlobalSection
	GlobalSection(ExtensibilityGlobals) = postSolution
		SolutionGuid = {6E9BD2AE-FC79-43B9-987A-C6E4A29AF82F}
	EndGlobalSection
EndGlobal
